
Microsoft Visual Studio Solution File, Format Version 12.00
# Visual Studio Version 17
VisualStudioVersion = 17.10.34707.107
MinimumVisualStudioVersion = 10.0.40219.1
Project("{2150E333-8FDC-42A3-9474-1A3956D46DE8}") = "src", "src", "{65D8C1D8-D5C6-4BEC-B9F1-D0EB3CC792BB}"
EndProject
Project("{2150E333-8FDC-42A3-9474-1A3956D46DE8}") = "test", "test", "{7EE6AC99-0E1C-4738-890E-38DE6E0E2A7C}"
EndProject
Project("{2150E333-8FDC-42A3-9474-1A3956D46DE8}") = "Microservicios", "Microservicios", "{5A46E91A-0DE7-4BE3-9266-1493EF0144D4}"
EndProject
Project("{2150E333-8FDC-42A3-9474-1A3956D46DE8}") = "Compartido", "Compartido", "{69957014-A55D-4CE2-BA06-D5D6C5D1DBB1}"
EndProject
Project("{2150E333-8FDC-42A3-9474-1A3956D46DE8}") = "Reservas", "Reservas", "{59E7538D-309B-4598-973A-BFADD0F7F2F2}"
EndProject
Project("{9A19103F-16F7-4668-BE54-9A1E7A4F7556}") = "Bdv.Reservas.Dominio", "src\Microservicios\Reservas\Bdv.Reservas.Dominio\Bdv.Reservas.Dominio.csproj", "{DE8B4E48-F941-4DB9-AEE0-EFC9493D6893}"
EndProject
Project("{9A19103F-16F7-4668-BE54-9A1E7A4F7556}") = "Bdv.Cqrs", "src\Compartido\Bdv.Cqrs\Bdv.Cqrs.csproj", "{9AAAB042-B645-4D1C-837E-6B6681F06DA9}"
EndProject
Project("{9A19103F-16F7-4668-BE54-9A1E7A4F7556}") = "Bdv.Reservas.Aplicacion.Dto", "src\Microservicios\Reservas\Bdv.Reservas.Aplicacion.Dto\Bdv.Reservas.Aplicacion.Dto.csproj", "{7DF2664A-EAFE-4FB8-B15C-498940DF620A}"
EndProject
Project("{9A19103F-16F7-4668-BE54-9A1E7A4F7556}") = "Bdv.Reservas.Aplicacion.Query", "src\Microservicios\Reservas\Bdv.Reservas.Aplicacion.Query\Bdv.Reservas.Aplicacion.Query.csproj", "{FE9E0348-D1B9-4188-A6EA-831CBC05DE86}"
EndProject
Project("{9A19103F-16F7-4668-BE54-9A1E7A4F7556}") = "Bdv.Comun", "src\Compartido\Bdv.Comun\Bdv.Comun.csproj", "{686D6314-6B4E-4292-B87D-4B3459369DF4}"
EndProject
Project("{9A19103F-16F7-4668-BE54-9A1E7A4F7556}") = "Bdv.Reservas.Aplicacion.Command", "src\Microservicios\Reservas\Bdv.Reservas.Aplicacion.Command\Bdv.Reservas.Aplicacion.Command.csproj", "{4C5D8C52-6857-4262-ACBB-248C82042BB7}"
EndProject
Project("{2150E333-8FDC-42A3-9474-1A3956D46DE8}") = "Integracion", "Integracion", "{9D070D93-F6C3-468C-ADB5-0E44225BB517}"
EndProject
Project("{9A19103F-16F7-4668-BE54-9A1E7A4F7556}") = "Integracion.Comun", "src\Integracion\Integracion.Comun\Integracion.Comun.csproj", "{7DC41082-2C76-42CD-99ED-60F48CA10C03}"
EndProject
Project("{9A19103F-16F7-4668-BE54-9A1E7A4F7556}") = "Integracion.Core", "src\Integracion\Integracion.Core\Integracion.Core.csproj", "{B0963573-0992-43F8-9486-B9EA358622A1}"
EndProject
Project("{9A19103F-16F7-4668-BE54-9A1E7A4F7556}") = "Integracion.Dto", "src\Integracion\Integracion.Dto\Integracion.Dto.csproj", "{3FEF5BC8-7D58-4596-B37D-0940C1F334BA}"
EndProject
Project("{9A19103F-16F7-4668-BE54-9A1E7A4F7556}") = "Integracion.Infraestructura", "src\Integracion\Integracion.Infraestructura\Integracion.Infraestructura.csproj", "{A073843A-F1EB-4EFB-92DE-1D49CC3D7234}"
EndProject
Project("{9A19103F-16F7-4668-BE54-9A1E7A4F7556}") = "Bdv.Infraestructura.Data", "src\Compartido\Bdv.Infraestructura.Data\Bdv.Infraestructura.Data.csproj", "{A3CAEB1B-BFF6-4AD5-850B-0DE162597585}"
EndProject
Project("{9A19103F-16F7-4668-BE54-9A1E7A4F7556}") = "Bdv.Reservas.Api.Query", "src\Microservicios\Reservas\Bdv.Reservas.Api.Query\Bdv.Reservas.Api.Query.csproj", "{C2B6081E-6036-4646-B80D-5BBA01E52ADD}"
EndProject
Project("{9A19103F-16F7-4668-BE54-9A1E7A4F7556}") = "Bdv.Configuracion.Microservicios", "src\Compartido\Bdv.Configuracion.Microservicios\Bdv.Configuracion.Microservicios.csproj", "{10CEFA45-C147-4A61-A95E-D7ADB8539F43}"
EndProject
Project("{9A19103F-16F7-4668-BE54-9A1E7A4F7556}") = "Bdv.Reservas.Api.Command", "src\Microservicios\Reservas\Bdv.Reservas.Api.Command\Bdv.Reservas.Api.Command.csproj", "{A3765AA4-219B-48EC-985B-C0C886EC9D6B}"
EndProject
Project("{2150E333-8FDC-42A3-9474-1A3956D46DE8}") = "BackgroundJobs", "BackgroundJobs", "{88BA2B2D-DF0C-45E7-A0CE-AA995CB643DB}"
EndProject
Project("{FAE04EC0-301F-11D3-BF4B-00C04F79EFBC}") = "Bdv.BackgroundPublisherJob.Api", "src\Microservicios\BackgroundJobs\Bdv.BackgroundPublisherJob.Api\Bdv.BackgroundPublisherJob.Api.csproj", "{AA260A81-8F64-4DDF-9F32-86A7F17152F0}"
EndProject
Project("{2150E333-8FDC-42A3-9474-1A3956D46DE8}") = "EnvioCorreo", "EnvioCorreo", "{30946BA9-200E-450B-8644-6721902DBB0F}"
EndProject
Project("{FAE04EC0-301F-11D3-BF4B-00C04F79EFBC}") = "Bdv.EnvioCorreo.Aplicacion", "src\Microservicios\EnvioCorreo\Bdv.EnvioCorreo.Aplicacion\Bdv.EnvioCorreo.Aplicacion.csproj", "{A1A0B1B6-B2E0-4F7F-80FC-FF6EBDFFBCD1}"
EndProject
Project("{FAE04EC0-301F-11D3-BF4B-00C04F79EFBC}") = "Bdv.EnvioCorreo.Api", "src\Microservicios\EnvioCorreo\Bdv.EnvioCorreo.Api\Bdv.EnvioCorreo.Api.csproj", "{1F75B915-CCFA-41D5-9334-74F5A8016919}"
EndProject
Project("{FAE04EC0-301F-11D3-BF4B-00C04F79EFBC}") = "Bdv.Reservas.Api.Query.Test", "test\Bdv.Reservas.Api.Query.Test\Bdv.Reservas.Api.Query.Test.csproj", "{63E3D7D9-F832-4D64-9C58-EB721C39BC80}"
EndProject
Project("{2150E333-8FDC-42A3-9474-1A3956D46DE8}") = "bdd", "bdd", "{C86D809C-7057-41A1-AD90-2DD99338241A}"
	ProjectSection(SolutionItems) = preProject
		..\..\..\Users\User\Desktop\Script Base de datos.sql = ..\..\..\Users\User\Desktop\Script Base de datos.sql
	EndProjectSection
EndProject
Global
	GlobalSection(SolutionConfigurationPlatforms) = preSolution
		Debug|Any CPU = Debug|Any CPU
		Release|Any CPU = Release|Any CPU
	EndGlobalSection
	GlobalSection(ProjectConfigurationPlatforms) = postSolution
		{DE8B4E48-F941-4DB9-AEE0-EFC9493D6893}.Debug|Any CPU.ActiveCfg = Debug|Any CPU
		{DE8B4E48-F941-4DB9-AEE0-EFC9493D6893}.Debug|Any CPU.Build.0 = Debug|Any CPU
		{DE8B4E48-F941-4DB9-AEE0-EFC9493D6893}.Release|Any CPU.ActiveCfg = Release|Any CPU
		{DE8B4E48-F941-4DB9-AEE0-EFC9493D6893}.Release|Any CPU.Build.0 = Release|Any CPU
		{9AAAB042-B645-4D1C-837E-6B6681F06DA9}.Debug|Any CPU.ActiveCfg = Debug|Any CPU
		{9AAAB042-B645-4D1C-837E-6B6681F06DA9}.Debug|Any CPU.Build.0 = Debug|Any CPU
		{9AAAB042-B645-4D1C-837E-6B6681F06DA9}.Release|Any CPU.ActiveCfg = Release|Any CPU
		{9AAAB042-B645-4D1C-837E-6B6681F06DA9}.Release|Any CPU.Build.0 = Release|Any CPU
		{7DF2664A-EAFE-4FB8-B15C-498940DF620A}.Debug|Any CPU.ActiveCfg = Debug|Any CPU
		{7DF2664A-EAFE-4FB8-B15C-498940DF620A}.Debug|Any CPU.Build.0 = Debug|Any CPU
		{7DF2664A-EAFE-4FB8-B15C-498940DF620A}.Release|Any CPU.ActiveCfg = Release|Any CPU
		{7DF2664A-EAFE-4FB8-B15C-498940DF620A}.Release|Any CPU.Build.0 = Release|Any CPU
		{FE9E0348-D1B9-4188-A6EA-831CBC05DE86}.Debug|Any CPU.ActiveCfg = Debug|Any CPU
		{FE9E0348-D1B9-4188-A6EA-831CBC05DE86}.Debug|Any CPU.Build.0 = Debug|Any CPU
		{FE9E0348-D1B9-4188-A6EA-831CBC05DE86}.Release|Any CPU.ActiveCfg = Release|Any CPU
		{FE9E0348-D1B9-4188-A6EA-831CBC05DE86}.Release|Any CPU.Build.0 = Release|Any CPU
		{686D6314-6B4E-4292-B87D-4B3459369DF4}.Debug|Any CPU.ActiveCfg = Debug|Any CPU
		{686D6314-6B4E-4292-B87D-4B3459369DF4}.Debug|Any CPU.Build.0 = Debug|Any CPU
		{686D6314-6B4E-4292-B87D-4B3459369DF4}.Release|Any CPU.ActiveCfg = Release|Any CPU
		{686D6314-6B4E-4292-B87D-4B3459369DF4}.Release|Any CPU.Build.0 = Release|Any CPU
		{4C5D8C52-6857-4262-ACBB-248C82042BB7}.Debug|Any CPU.ActiveCfg = Debug|Any CPU
		{4C5D8C52-6857-4262-ACBB-248C82042BB7}.Debug|Any CPU.Build.0 = Debug|Any CPU
		{4C5D8C52-6857-4262-ACBB-248C82042BB7}.Release|Any CPU.ActiveCfg = Release|Any CPU
		{4C5D8C52-6857-4262-ACBB-248C82042BB7}.Release|Any CPU.Build.0 = Release|Any CPU
		{7DC41082-2C76-42CD-99ED-60F48CA10C03}.Debug|Any CPU.ActiveCfg = Debug|Any CPU
		{7DC41082-2C76-42CD-99ED-60F48CA10C03}.Debug|Any CPU.Build.0 = Debug|Any CPU
		{7DC41082-2C76-42CD-99ED-60F48CA10C03}.Release|Any CPU.ActiveCfg = Release|Any CPU
		{7DC41082-2C76-42CD-99ED-60F48CA10C03}.Release|Any CPU.Build.0 = Release|Any CPU
		{B0963573-0992-43F8-9486-B9EA358622A1}.Debug|Any CPU.ActiveCfg = Debug|Any CPU
		{B0963573-0992-43F8-9486-B9EA358622A1}.Debug|Any CPU.Build.0 = Debug|Any CPU
		{B0963573-0992-43F8-9486-B9EA358622A1}.Release|Any CPU.ActiveCfg = Release|Any CPU
		{B0963573-0992-43F8-9486-B9EA358622A1}.Release|Any CPU.Build.0 = Release|Any CPU
		{3FEF5BC8-7D58-4596-B37D-0940C1F334BA}.Debug|Any CPU.ActiveCfg = Debug|Any CPU
		{3FEF5BC8-7D58-4596-B37D-0940C1F334BA}.Debug|Any CPU.Build.0 = Debug|Any CPU
		{3FEF5BC8-7D58-4596-B37D-0940C1F334BA}.Release|Any CPU.ActiveCfg = Release|Any CPU
		{3FEF5BC8-7D58-4596-B37D-0940C1F334BA}.Release|Any CPU.Build.0 = Release|Any CPU
		{A073843A-F1EB-4EFB-92DE-1D49CC3D7234}.Debug|Any CPU.ActiveCfg = Debug|Any CPU
		{A073843A-F1EB-4EFB-92DE-1D49CC3D7234}.Debug|Any CPU.Build.0 = Debug|Any CPU
		{A073843A-F1EB-4EFB-92DE-1D49CC3D7234}.Release|Any CPU.ActiveCfg = Release|Any CPU
		{A073843A-F1EB-4EFB-92DE-1D49CC3D7234}.Release|Any CPU.Build.0 = Release|Any CPU
		{A3CAEB1B-BFF6-4AD5-850B-0DE162597585}.Debug|Any CPU.ActiveCfg = Debug|Any CPU
		{A3CAEB1B-BFF6-4AD5-850B-0DE162597585}.Debug|Any CPU.Build.0 = Debug|Any CPU
		{A3CAEB1B-BFF6-4AD5-850B-0DE162597585}.Release|Any CPU.ActiveCfg = Release|Any CPU
		{A3CAEB1B-BFF6-4AD5-850B-0DE162597585}.Release|Any CPU.Build.0 = Release|Any CPU
		{C2B6081E-6036-4646-B80D-5BBA01E52ADD}.Debug|Any CPU.ActiveCfg = Debug|Any CPU
		{C2B6081E-6036-4646-B80D-5BBA01E52ADD}.Debug|Any CPU.Build.0 = Debug|Any CPU
		{C2B6081E-6036-4646-B80D-5BBA01E52ADD}.Release|Any CPU.ActiveCfg = Release|Any CPU
		{C2B6081E-6036-4646-B80D-5BBA01E52ADD}.Release|Any CPU.Build.0 = Release|Any CPU
		{10CEFA45-C147-4A61-A95E-D7ADB8539F43}.Debug|Any CPU.ActiveCfg = Debug|Any CPU
		{10CEFA45-C147-4A61-A95E-D7ADB8539F43}.Debug|Any CPU.Build.0 = Debug|Any CPU
		{10CEFA45-C147-4A61-A95E-D7ADB8539F43}.Release|Any CPU.ActiveCfg = Release|Any CPU
		{10CEFA45-C147-4A61-A95E-D7ADB8539F43}.Release|Any CPU.Build.0 = Release|Any CPU
		{A3765AA4-219B-48EC-985B-C0C886EC9D6B}.Debug|Any CPU.ActiveCfg = Debug|Any CPU
		{A3765AA4-219B-48EC-985B-C0C886EC9D6B}.Debug|Any CPU.Build.0 = Debug|Any CPU
		{A3765AA4-219B-48EC-985B-C0C886EC9D6B}.Release|Any CPU.ActiveCfg = Release|Any CPU
		{A3765AA4-219B-48EC-985B-C0C886EC9D6B}.Release|Any CPU.Build.0 = Release|Any CPU
		{AA260A81-8F64-4DDF-9F32-86A7F17152F0}.Debug|Any CPU.ActiveCfg = Debug|Any CPU
		{AA260A81-8F64-4DDF-9F32-86A7F17152F0}.Debug|Any CPU.Build.0 = Debug|Any CPU
		{AA260A81-8F64-4DDF-9F32-86A7F17152F0}.Release|Any CPU.ActiveCfg = Release|Any CPU
		{AA260A81-8F64-4DDF-9F32-86A7F17152F0}.Release|Any CPU.Build.0 = Release|Any CPU
		{A1A0B1B6-B2E0-4F7F-80FC-FF6EBDFFBCD1}.Debug|Any CPU.ActiveCfg = Debug|Any CPU
		{A1A0B1B6-B2E0-4F7F-80FC-FF6EBDFFBCD1}.Debug|Any CPU.Build.0 = Debug|Any CPU
		{A1A0B1B6-B2E0-4F7F-80FC-FF6EBDFFBCD1}.Release|Any CPU.ActiveCfg = Release|Any CPU
		{A1A0B1B6-B2E0-4F7F-80FC-FF6EBDFFBCD1}.Release|Any CPU.Build.0 = Release|Any CPU
		{1F75B915-CCFA-41D5-9334-74F5A8016919}.Debug|Any CPU.ActiveCfg = Debug|Any CPU
		{1F75B915-CCFA-41D5-9334-74F5A8016919}.Debug|Any CPU.Build.0 = Debug|Any CPU
		{1F75B915-CCFA-41D5-9334-74F5A8016919}.Release|Any CPU.ActiveCfg = Release|Any CPU
		{1F75B915-CCFA-41D5-9334-74F5A8016919}.Release|Any CPU.Build.0 = Release|Any CPU
		{63E3D7D9-F832-4D64-9C58-EB721C39BC80}.Debug|Any CPU.ActiveCfg = Debug|Any CPU
		{63E3D7D9-F832-4D64-9C58-EB721C39BC80}.Debug|Any CPU.Build.0 = Debug|Any CPU
		{63E3D7D9-F832-4D64-9C58-EB721C39BC80}.Release|Any CPU.ActiveCfg = Release|Any CPU
		{63E3D7D9-F832-4D64-9C58-EB721C39BC80}.Release|Any CPU.Build.0 = Release|Any CPU
	EndGlobalSection
	GlobalSection(SolutionProperties) = preSolution
		HideSolutionNode = FALSE
	EndGlobalSection
	GlobalSection(NestedProjects) = preSolution
		{5A46E91A-0DE7-4BE3-9266-1493EF0144D4} = {65D8C1D8-D5C6-4BEC-B9F1-D0EB3CC792BB}
		{69957014-A55D-4CE2-BA06-D5D6C5D1DBB1} = {65D8C1D8-D5C6-4BEC-B9F1-D0EB3CC792BB}
		{59E7538D-309B-4598-973A-BFADD0F7F2F2} = {5A46E91A-0DE7-4BE3-9266-1493EF0144D4}
		{DE8B4E48-F941-4DB9-AEE0-EFC9493D6893} = {59E7538D-309B-4598-973A-BFADD0F7F2F2}
		{9AAAB042-B645-4D1C-837E-6B6681F06DA9} = {69957014-A55D-4CE2-BA06-D5D6C5D1DBB1}
		{7DF2664A-EAFE-4FB8-B15C-498940DF620A} = {59E7538D-309B-4598-973A-BFADD0F7F2F2}
		{FE9E0348-D1B9-4188-A6EA-831CBC05DE86} = {59E7538D-309B-4598-973A-BFADD0F7F2F2}
		{686D6314-6B4E-4292-B87D-4B3459369DF4} = {69957014-A55D-4CE2-BA06-D5D6C5D1DBB1}
		{4C5D8C52-6857-4262-ACBB-248C82042BB7} = {59E7538D-309B-4598-973A-BFADD0F7F2F2}
		{9D070D93-F6C3-468C-ADB5-0E44225BB517} = {65D8C1D8-D5C6-4BEC-B9F1-D0EB3CC792BB}
		{7DC41082-2C76-42CD-99ED-60F48CA10C03} = {9D070D93-F6C3-468C-ADB5-0E44225BB517}
		{B0963573-0992-43F8-9486-B9EA358622A1} = {9D070D93-F6C3-468C-ADB5-0E44225BB517}
		{3FEF5BC8-7D58-4596-B37D-0940C1F334BA} = {9D070D93-F6C3-468C-ADB5-0E44225BB517}
		{A073843A-F1EB-4EFB-92DE-1D49CC3D7234} = {9D070D93-F6C3-468C-ADB5-0E44225BB517}
		{A3CAEB1B-BFF6-4AD5-850B-0DE162597585} = {69957014-A55D-4CE2-BA06-D5D6C5D1DBB1}
		{C2B6081E-6036-4646-B80D-5BBA01E52ADD} = {59E7538D-309B-4598-973A-BFADD0F7F2F2}
		{10CEFA45-C147-4A61-A95E-D7ADB8539F43} = {69957014-A55D-4CE2-BA06-D5D6C5D1DBB1}
		{A3765AA4-219B-48EC-985B-C0C886EC9D6B} = {59E7538D-309B-4598-973A-BFADD0F7F2F2}
		{88BA2B2D-DF0C-45E7-A0CE-AA995CB643DB} = {5A46E91A-0DE7-4BE3-9266-1493EF0144D4}
		{AA260A81-8F64-4DDF-9F32-86A7F17152F0} = {88BA2B2D-DF0C-45E7-A0CE-AA995CB643DB}
		{30946BA9-200E-450B-8644-6721902DBB0F} = {5A46E91A-0DE7-4BE3-9266-1493EF0144D4}
		{A1A0B1B6-B2E0-4F7F-80FC-FF6EBDFFBCD1} = {30946BA9-200E-450B-8644-6721902DBB0F}
		{1F75B915-CCFA-41D5-9334-74F5A8016919} = {30946BA9-200E-450B-8644-6721902DBB0F}
		{63E3D7D9-F832-4D64-9C58-EB721C39BC80} = {7EE6AC99-0E1C-4738-890E-38DE6E0E2A7C}
	EndGlobalSection
	GlobalSection(ExtensibilityGlobals) = postSolution
		SolutionGuid = {CC1614AA-C783-4B1C-BE1F-BED85D993E9A}
	EndGlobalSection
EndGlobal
